
Microsoft Visual Studio Solution File, Format Version 12.00
# Visual Studio Version 17
VisualStudioVersion = 17.11.35312.102
MinimumVisualStudioVersion = 10.0.40219.1
Project("{FAE04EC0-301F-11D3-BF4B-00C04F79EFBC}") = "2024-10-09_PlayGroundREST", "2024-10-09_PlayGroundREST\2024-10-09_PlayGroundREST.csproj", "{454C68F8-8B0A-4C95-8273-C1F77527876E}"
EndProject
Global
	GlobalSection(SolutionConfigurationPlatforms) = preSolution
		Debug|Any CPU = Debug|Any CPU
		Release|Any CPU = Release|Any CPU
	EndGlobalSection
	GlobalSection(ProjectConfigurationPlatforms) = postSolution
		{454C68F8-8B0A-4C95-8273-C1F77527876E}.Debug|Any CPU.ActiveCfg = Debug|Any CPU
		{454C68F8-8B0A-4C95-8273-C1F77527876E}.Debug|Any CPU.Build.0 = Debug|Any CPU
		{454C68F8-8B0A-4C95-8273-C1F77527876E}.Release|Any CPU.ActiveCfg = Release|Any CPU
		{454C68F8-8B0A-4C95-8273-C1F77527876E}.Release|Any CPU.Build.0 = Release|Any CPU
	EndGlobalSection
	GlobalSection(SolutionProperties) = preSolution
		HideSolutionNode = FALSE
	EndGlobalSection
	GlobalSection(ExtensibilityGlobals) = postSolution
		SolutionGuid = {A6A28717-568A-4F1B-A011-A55C431B802B}
	EndGlobalSection
EndGlobal
